
Microsoft Visual Studio Solution File, Format Version 12.00
# Visual Studio Version 16
VisualStudioVersion = 16.0.29326.143
MinimumVisualStudioVersion = 10.0.40219.1
Project("{9A19103F-16F7-4668-BE54-9A1E7A4F7556}") = "HelpMyStreet", "HelpMyStreet\HelpMyStreet.csproj", "{7E7408F8-1AA5-46F6-B7FF-E39D9F158E12}"
EndProject
Project("{9A19103F-16F7-4668-BE54-9A1E7A4F7556}") = "HelpMyStreet.Handlers", "HelpMyStreet.Handlers\HelpMyStreet.Handlers.csproj", "{E6F74612-67B1-4738-8ED8-EB6C79777A10}"
EndProject
Project("{9A19103F-16F7-4668-BE54-9A1E7A4F7556}") = "HelpMyStreet.Contracts", "HelpMyStreet.Contracts\HelpMyStreet.Contracts.csproj", "{BFB54AAD-AFF8-45CA-BC64-E673EFE54A29}"
EndProject
Project("{9A19103F-16F7-4668-BE54-9A1E7A4F7556}") = "HelpMyStreet.Core", "HelpMyStreet.Core\HelpMyStreet.Core.csproj", "{43BCDFA5-2C54-4E28-9B50-EB682CA02570}"
EndProject
Project("{9A19103F-16F7-4668-BE54-9A1E7A4F7556}") = "HelpMyStreet.Mappers", "HelpMyStreet.Mappers\HelpMyStreet.Mappers.csproj", "{28FB36DD-FF8B-4D2F-A193-1F3544315775}"
EndProject
Project("{2150E333-8FDC-42A3-9474-1A3956D46DE8}") = "Tests", "Tests", "{790BCEA6-754F-42F0-884B-A4DC237F1AEE}"
EndProject
Project("{9A19103F-16F7-4668-BE54-9A1E7A4F7556}") = "HelpMyStreet.Mappers.Test", "HelpMyStreet.Mappers.Test\HelpMyStreet.Mappers.Test.csproj", "{61B4B6EF-6E26-45A4-8453-8DA3838E666B}"
EndProject
Project("{9A19103F-16F7-4668-BE54-9A1E7A4F7556}") = "HelpMyStreet.Repo", "HelpMyStreet.Repo\HelpMyStreet.Repo.csproj", "{A0500D55-1FC7-486C-A49D-94BF36485B34}"
EndProject
Global
	GlobalSection(SolutionConfigurationPlatforms) = preSolution
		Debug|Any CPU = Debug|Any CPU
		Release|Any CPU = Release|Any CPU
	EndGlobalSection
	GlobalSection(ProjectConfigurationPlatforms) = postSolution
		{7E7408F8-1AA5-46F6-B7FF-E39D9F158E12}.Debug|Any CPU.ActiveCfg = Debug|Any CPU
		{7E7408F8-1AA5-46F6-B7FF-E39D9F158E12}.Debug|Any CPU.Build.0 = Debug|Any CPU
		{7E7408F8-1AA5-46F6-B7FF-E39D9F158E12}.Release|Any CPU.ActiveCfg = Release|Any CPU
		{7E7408F8-1AA5-46F6-B7FF-E39D9F158E12}.Release|Any CPU.Build.0 = Release|Any CPU
		{E6F74612-67B1-4738-8ED8-EB6C79777A10}.Debug|Any CPU.ActiveCfg = Debug|Any CPU
		{E6F74612-67B1-4738-8ED8-EB6C79777A10}.Debug|Any CPU.Build.0 = Debug|Any CPU
		{E6F74612-67B1-4738-8ED8-EB6C79777A10}.Release|Any CPU.ActiveCfg = Release|Any CPU
		{E6F74612-67B1-4738-8ED8-EB6C79777A10}.Release|Any CPU.Build.0 = Release|Any CPU
		{BFB54AAD-AFF8-45CA-BC64-E673EFE54A29}.Debug|Any CPU.ActiveCfg = Debug|Any CPU
		{BFB54AAD-AFF8-45CA-BC64-E673EFE54A29}.Debug|Any CPU.Build.0 = Debug|Any CPU
		{BFB54AAD-AFF8-45CA-BC64-E673EFE54A29}.Release|Any CPU.ActiveCfg = Release|Any CPU
		{BFB54AAD-AFF8-45CA-BC64-E673EFE54A29}.Release|Any CPU.Build.0 = Release|Any CPU
		{43BCDFA5-2C54-4E28-9B50-EB682CA02570}.Debug|Any CPU.ActiveCfg = Debug|Any CPU
		{43BCDFA5-2C54-4E28-9B50-EB682CA02570}.Debug|Any CPU.Build.0 = Debug|Any CPU
		{43BCDFA5-2C54-4E28-9B50-EB682CA02570}.Release|Any CPU.ActiveCfg = Release|Any CPU
		{43BCDFA5-2C54-4E28-9B50-EB682CA02570}.Release|Any CPU.Build.0 = Release|Any CPU
		{28FB36DD-FF8B-4D2F-A193-1F3544315775}.Debug|Any CPU.ActiveCfg = Debug|Any CPU
		{28FB36DD-FF8B-4D2F-A193-1F3544315775}.Debug|Any CPU.Build.0 = Debug|Any CPU
		{28FB36DD-FF8B-4D2F-A193-1F3544315775}.Release|Any CPU.ActiveCfg = Release|Any CPU
		{28FB36DD-FF8B-4D2F-A193-1F3544315775}.Release|Any CPU.Build.0 = Release|Any CPU
		{61B4B6EF-6E26-45A4-8453-8DA3838E666B}.Debug|Any CPU.ActiveCfg = Debug|Any CPU
		{61B4B6EF-6E26-45A4-8453-8DA3838E666B}.Debug|Any CPU.Build.0 = Debug|Any CPU
		{61B4B6EF-6E26-45A4-8453-8DA3838E666B}.Release|Any CPU.ActiveCfg = Release|Any CPU
		{61B4B6EF-6E26-45A4-8453-8DA3838E666B}.Release|Any CPU.Build.0 = Release|Any CPU
		{A0500D55-1FC7-486C-A49D-94BF36485B34}.Debug|Any CPU.ActiveCfg = Debug|Any CPU
		{A0500D55-1FC7-486C-A49D-94BF36485B34}.Debug|Any CPU.Build.0 = Debug|Any CPU
		{A0500D55-1FC7-486C-A49D-94BF36485B34}.Release|Any CPU.ActiveCfg = Release|Any CPU
		{A0500D55-1FC7-486C-A49D-94BF36485B34}.Release|Any CPU.Build.0 = Release|Any CPU
	EndGlobalSection
	GlobalSection(SolutionProperties) = preSolution
		HideSolutionNode = FALSE
	EndGlobalSection
	GlobalSection(NestedProjects) = preSolution
		{61B4B6EF-6E26-45A4-8453-8DA3838E666B} = {790BCEA6-754F-42F0-884B-A4DC237F1AEE}
	EndGlobalSection
	GlobalSection(ExtensibilityGlobals) = postSolution
		SolutionGuid = {1452FDA7-58DC-484D-B9B1-31B82216A1B1}
	EndGlobalSection
EndGlobal
